# This file is automatically @generated by Cargo.
# It is not intended for manual editing.
version = 4

[[package]]
name = "artel-client"
version = "0.0.0"
dependencies = [
 "artel-protocol",
]

[[package]]
name = "artel-daemon"
version = "0.0.0"
dependencies = [
 "artel-protocol",
]

[[package]]
name = "artel-fs"
version = "0.0.0"
dependencies = [
 "artel-client",
]

[[package]]
name = "artel-protocol"
version = "0.0.0"
